{
  "name": "full-icu-test",
  "version": "1.0.3",
  "lockfileVersion": 1,
  "requires": true,
  "dependencies": {
    "full-icu": {
      "version": "1.2.1",
      "resolved": "https://registry.npmjs.org/full-icu/-/full-icu-1.2.1.tgz",
      "integrity": "sha512-E2s1b4GVbt8PyG+iaRN6ks8N0Oy2LOJz7SIMUwWWWx7Mr5Z08hKkfpkKQbOtOGqzkFpckDJHjjZ8qfigN2W86A=="
    }
  }
}
