{
  "name": "full-icu-test",
  "version": "1.0.4",
  "lockfileVersion": 1,
  "requires": true,
  "dependencies": {
    "full-icu": {
      "version": "1.3.4",
      "resolved": "https://registry.npmjs.org/full-icu/-/full-icu-1.3.4.tgz",
      "integrity": "sha512-BERy9j2ybYSfP8QmXyg496NjVrGXfM73TZckQ5s5hgDV2lpKshjGfPEYYWU3hhE2kU8atZXUZNLSeNz4OQ8hNA=="
    }
  }
}
